
Microsoft Visual Studio Solution File, Format Version 12.00
# Visual Studio Version 17
VisualStudioVersion = 17.4.33403.182
MinimumVisualStudioVersion = 10.0.40219.1
Project("{FAE04EC0-301F-11D3-BF4B-00C04F79EFBC}") = "Lab19", "Lab19.csproj", "{ED4271C1-9C2E-4E31-9833-DB4FB34EFFD4}"
EndProject
Global
	GlobalSection(SolutionConfigurationPlatforms) = preSolution
		Debug|Any CPU = Debug|Any CPU
		Release|Any CPU = Release|Any CPU
	EndGlobalSection
	GlobalSection(ProjectConfigurationPlatforms) = postSolution
		{ED4271C1-9C2E-4E31-9833-DB4FB34EFFD4}.Debug|Any CPU.ActiveCfg = Debug|Any CPU
		{ED4271C1-9C2E-4E31-9833-DB4FB34EFFD4}.Debug|Any CPU.Build.0 = Debug|Any CPU
		{ED4271C1-9C2E-4E31-9833-DB4FB34EFFD4}.Release|Any CPU.ActiveCfg = Release|Any CPU
		{ED4271C1-9C2E-4E31-9833-DB4FB34EFFD4}.Release|Any CPU.Build.0 = Release|Any CPU
	EndGlobalSection
	GlobalSection(SolutionProperties) = preSolution
		HideSolutionNode = FALSE
	EndGlobalSection
	GlobalSection(ExtensibilityGlobals) = postSolution
		SolutionGuid = {40892675-104C-40C2-BD83-91EC355F124D}
	EndGlobalSection
EndGlobal
